
Microsoft Visual Studio Solution File, Format Version 12.00
# Visual Studio Version 17
VisualStudioVersion = 17.7.33711.374
MinimumVisualStudioVersion = 10.0.40219.1
Project("{9A19103F-16F7-4668-BE54-9A1E7A4F7556}") = "BiliStart.WinUI3.UI", "BiliStart.WinUI3.UI\BiliStart.WinUI3.UI.csproj", "{9E476A75-035A-4890-B520-E3743E5D1940}"
EndProject
Project("{2150E333-8FDC-42A3-9474-1A3956D46DE8}") = "LIb", "LIb", "{6FCFBE2F-C10E-4DFC-A926-15D080467E9E}"
EndProject
Project("{9A19103F-16F7-4668-BE54-9A1E7A4F7556}") = "INetwork", "Network\INetwork.csproj", "{F4B688B9-6865-4099-B965-78695CEA2C65}"
EndProject
Project("{2150E333-8FDC-42A3-9474-1A3956D46DE8}") = "Achieve", "Achieve", "{596B5588-411B-4527-ADBF-ECCB232AC77C}"
EndProject
Project("{9A19103F-16F7-4668-BE54-9A1E7A4F7556}") = "BiliNetWork", "BiliNetWork\BiliNetWork.csproj", "{25D692F7-78A7-45F8-B677-5555F6D9978E}"
EndProject
Project("{9A19103F-16F7-4668-BE54-9A1E7A4F7556}") = "Network.Models", "Network.Models\Network.Models.csproj", "{DCDE401B-0AAA-4BF1-B8AE-6B1AE2BBA2C7}"
EndProject
Project("{9A19103F-16F7-4668-BE54-9A1E7A4F7556}") = "IAppExtension", "AppExtension\IAppExtension.csproj", "{0CFC8312-621D-4404-8F14-C6574D078B9C}"
EndProject
Project("{9A19103F-16F7-4668-BE54-9A1E7A4F7556}") = "IAppContracts", "AppContracts\IAppContracts.csproj", "{36A63107-8169-404B-B03B-B2F32C207D98}"
EndProject
Project("{9A19103F-16F7-4668-BE54-9A1E7A4F7556}") = "AppContractService", "AppContractService\AppContractService.csproj", "{8F31DFF5-5F24-48A1-BC67-B08C5AB1D264}"
EndProject
Project("{9A19103F-16F7-4668-BE54-9A1E7A4F7556}") = "Lib.Helper", "Lib.Helper\Lib.Helper.csproj", "{93B7A0B8-2BD9-42B1-BD8B-A324E684FC8A}"
EndProject
Project("{9A19103F-16F7-4668-BE54-9A1E7A4F7556}") = "App.Models", "App.Models\App.Models.csproj", "{BADC77B6-9573-4C7C-8216-9E0FF7B29487}"
EndProject
Project("{9A19103F-16F7-4668-BE54-9A1E7A4F7556}") = "BiliStart.Grpc.Models", "Bili.Grpc\BiliStart.Grpc.Models.csproj", "{292AD1C5-B639-4E28-83F2-478E2CC8027D}"
EndProject
Project("{9A19103F-16F7-4668-BE54-9A1E7A4F7556}") = "ViewModels", "ViewModels\ViewModels.csproj", "{6339F9BC-D93A-401C-8359-5E356AFD554D}"
EndProject
Project("{9A19103F-16F7-4668-BE54-9A1E7A4F7556}") = "IViewConverter", "IViewConverter\IViewConverter.csproj", "{2B875D65-6EDD-4666-8D24-225C7E0AADC5}"
EndProject
Project("{9A19103F-16F7-4668-BE54-9A1E7A4F7556}") = "ViewConverter", "ViewConverter\ViewConverter.csproj", "{D5C0DFC5-B50F-4DED-A694-8844A331F420}"
EndProject
Project("{9A19103F-16F7-4668-BE54-9A1E7A4F7556}") = "ViewConverter.Models", "ViewConverter.Models\ViewConverter.Models.csproj", "{A3610F36-92E1-4B1C-A937-B3021B161A9C}"
EndProject
Project("{9A19103F-16F7-4668-BE54-9A1E7A4F7556}") = "Views", "Views\Views.csproj", "{E684DF9A-8096-4E10-AF8D-8D11BCA22397}"
EndProject
Project("{2150E333-8FDC-42A3-9474-1A3956D46DE8}") = "Usings", "Usings", "{40A22A1B-D1A7-4F6C-BC08-E2E279C32742}"
EndProject
Project("{2150E333-8FDC-42A3-9474-1A3956D46DE8}") = "解决方案项", "解决方案项", "{B0D9D0D5-881F-451B-9FF1-7B1BEE41E06E}"
	ProjectSection(SolutionItems) = preProject
		.csharpierrc.json = .csharpierrc.json
	EndProjectSection
EndProject
Project("{9A19103F-16F7-4668-BE54-9A1E7A4F7556}") = "BiliStart", "BiliStart\BiliStart.csproj", "{FD879CD3-9D65-40DB-AD34-48C830E2BEF2}"
EndProject
Project("{9A19103F-16F7-4668-BE54-9A1E7A4F7556}") = "BiliStart.Test", "BiliStart.Test\BiliStart.Test.csproj", "{BFA56131-6BBE-46AE-87A6-E9CB3CA19B31}"
EndProject
Global
	GlobalSection(SolutionConfigurationPlatforms) = preSolution
		All|Any CPU = All|Any CPU
		All|ARM = All|ARM
		All|ARM64 = All|ARM64
		All|x64 = All|x64
		All|x86 = All|x86
		Debug|Any CPU = Debug|Any CPU
		Debug|ARM = Debug|ARM
		Debug|ARM64 = Debug|ARM64
		Debug|x64 = Debug|x64
		Debug|x86 = Debug|x86
		Release|Any CPU = Release|Any CPU
		Release|ARM = Release|ARM
		Release|ARM64 = Release|ARM64
		Release|x64 = Release|x64
		Release|x86 = Release|x86
	EndGlobalSection
	GlobalSection(ProjectConfigurationPlatforms) = postSolution
		{9E476A75-035A-4890-B520-E3743E5D1940}.All|Any CPU.ActiveCfg = Release|Any CPU
		{9E476A75-035A-4890-B520-E3743E5D1940}.All|Any CPU.Build.0 = Release|Any CPU
		{9E476A75-035A-4890-B520-E3743E5D1940}.All|ARM.ActiveCfg = Release|Any CPU
		{9E476A75-035A-4890-B520-E3743E5D1940}.All|ARM.Build.0 = Release|Any CPU
		{9E476A75-035A-4890-B520-E3743E5D1940}.All|ARM64.ActiveCfg = Release|Any CPU
		{9E476A75-035A-4890-B520-E3743E5D1940}.All|ARM64.Build.0 = Release|Any CPU
		{9E476A75-035A-4890-B520-E3743E5D1940}.All|x64.ActiveCfg = Release|Any CPU
		{9E476A75-035A-4890-B520-E3743E5D1940}.All|x64.Build.0 = Release|Any CPU
		{9E476A75-035A-4890-B520-E3743E5D1940}.All|x86.ActiveCfg = Release|Any CPU
		{9E476A75-035A-4890-B520-E3743E5D1940}.All|x86.Build.0 = Release|Any CPU
		{9E476A75-035A-4890-B520-E3743E5D1940}.Debug|Any CPU.ActiveCfg = Debug|Any CPU
		{9E476A75-035A-4890-B520-E3743E5D1940}.Debug|Any CPU.Build.0 = Debug|Any CPU
		{9E476A75-035A-4890-B520-E3743E5D1940}.Debug|ARM.ActiveCfg = Debug|Any CPU
		{9E476A75-035A-4890-B520-E3743E5D1940}.Debug|ARM.Build.0 = Debug|Any CPU
		{9E476A75-035A-4890-B520-E3743E5D1940}.Debug|ARM64.ActiveCfg = Debug|Any CPU
		{9E476A75-035A-4890-B520-E3743E5D1940}.Debug|ARM64.Build.0 = Debug|Any CPU
		{9E476A75-035A-4890-B520-E3743E5D1940}.Debug|x64.ActiveCfg = Debug|Any CPU
		{9E476A75-035A-4890-B520-E3743E5D1940}.Debug|x64.Build.0 = Debug|Any CPU
		{9E476A75-035A-4890-B520-E3743E5D1940}.Debug|x86.ActiveCfg = Debug|Any CPU
		{9E476A75-035A-4890-B520-E3743E5D1940}.Debug|x86.Build.0 = Debug|Any CPU
		{9E476A75-035A-4890-B520-E3743E5D1940}.Release|Any CPU.ActiveCfg = Release|Any CPU
		{9E476A75-035A-4890-B520-E3743E5D1940}.Release|Any CPU.Build.0 = Release|Any CPU
		{9E476A75-035A-4890-B520-E3743E5D1940}.Release|ARM.ActiveCfg = Release|Any CPU
		{9E476A75-035A-4890-B520-E3743E5D1940}.Release|ARM.Build.0 = Release|Any CPU
		{9E476A75-035A-4890-B520-E3743E5D1940}.Release|ARM64.ActiveCfg = Release|Any CPU
		{9E476A75-035A-4890-B520-E3743E5D1940}.Release|ARM64.Build.0 = Release|Any CPU
		{9E476A75-035A-4890-B520-E3743E5D1940}.Release|x64.ActiveCfg = Release|Any CPU
		{9E476A75-035A-4890-B520-E3743E5D1940}.Release|x64.Build.0 = Release|Any CPU
		{9E476A75-035A-4890-B520-E3743E5D1940}.Release|x86.ActiveCfg = Release|Any CPU
		{9E476A75-035A-4890-B520-E3743E5D1940}.Release|x86.Build.0 = Release|Any CPU
		{F4B688B9-6865-4099-B965-78695CEA2C65}.All|Any CPU.ActiveCfg = Release|Any CPU
		{F4B688B9-6865-4099-B965-78695CEA2C65}.All|Any CPU.Build.0 = Release|Any CPU
		{F4B688B9-6865-4099-B965-78695CEA2C65}.All|ARM.ActiveCfg = Release|Any CPU
		{F4B688B9-6865-4099-B965-78695CEA2C65}.All|ARM.Build.0 = Release|Any CPU
		{F4B688B9-6865-4099-B965-78695CEA2C65}.All|ARM64.ActiveCfg = Release|Any CPU
		{F4B688B9-6865-4099-B965-78695CEA2C65}.All|ARM64.Build.0 = Release|Any CPU
		{F4B688B9-6865-4099-B965-78695CEA2C65}.All|x64.ActiveCfg = Release|Any CPU
		{F4B688B9-6865-4099-B965-78695CEA2C65}.All|x64.Build.0 = Release|Any CPU
		{F4B688B9-6865-4099-B965-78695CEA2C65}.All|x86.ActiveCfg = Release|Any CPU
		{F4B688B9-6865-4099-B965-78695CEA2C65}.All|x86.Build.0 = Release|Any CPU
		{F4B688B9-6865-4099-B965-78695CEA2C65}.Debug|Any CPU.ActiveCfg = Debug|Any CPU
		{F4B688B9-6865-4099-B965-78695CEA2C65}.Debug|Any CPU.Build.0 = Debug|Any CPU
		{F4B688B9-6865-4099-B965-78695CEA2C65}.Debug|ARM.ActiveCfg = Debug|Any CPU
		{F4B688B9-6865-4099-B965-78695CEA2C65}.Debug|ARM.Build.0 = Debug|Any CPU
		{F4B688B9-6865-4099-B965-78695CEA2C65}.Debug|ARM64.ActiveCfg = Debug|Any CPU
		{F4B688B9-6865-4099-B965-78695CEA2C65}.Debug|ARM64.Build.0 = Debug|Any CPU
		{F4B688B9-6865-4099-B965-78695CEA2C65}.Debug|x64.ActiveCfg = Debug|Any CPU
		{F4B688B9-6865-4099-B965-78695CEA2C65}.Debug|x64.Build.0 = Debug|Any CPU
		{F4B688B9-6865-4099-B965-78695CEA2C65}.Debug|x86.ActiveCfg = Debug|Any CPU
		{F4B688B9-6865-4099-B965-78695CEA2C65}.Debug|x86.Build.0 = Debug|Any CPU
		{F4B688B9-6865-4099-B965-78695CEA2C65}.Release|Any CPU.ActiveCfg = Release|Any CPU
		{F4B688B9-6865-4099-B965-78695CEA2C65}.Release|Any CPU.Build.0 = Release|Any CPU
		{F4B688B9-6865-4099-B965-78695CEA2C65}.Release|ARM.ActiveCfg = Release|Any CPU
		{F4B688B9-6865-4099-B965-78695CEA2C65}.Release|ARM.Build.0 = Release|Any CPU
		{F4B688B9-6865-4099-B965-78695CEA2C65}.Release|ARM64.ActiveCfg = Release|Any CPU
		{F4B688B9-6865-4099-B965-78695CEA2C65}.Release|ARM64.Build.0 = Release|Any CPU
		{F4B688B9-6865-4099-B965-78695CEA2C65}.Release|x64.ActiveCfg = Release|Any CPU
		{F4B688B9-6865-4099-B965-78695CEA2C65}.Release|x64.Build.0 = Release|Any CPU
		{F4B688B9-6865-4099-B965-78695CEA2C65}.Release|x86.ActiveCfg = Release|Any CPU
		{F4B688B9-6865-4099-B965-78695CEA2C65}.Release|x86.Build.0 = Release|Any CPU
		{25D692F7-78A7-45F8-B677-5555F6D9978E}.All|Any CPU.ActiveCfg = Release|Any CPU
		{25D692F7-78A7-45F8-B677-5555F6D9978E}.All|Any CPU.Build.0 = Release|Any CPU
		{25D692F7-78A7-45F8-B677-5555F6D9978E}.All|ARM.ActiveCfg = Release|Any CPU
		{25D692F7-78A7-45F8-B677-5555F6D9978E}.All|ARM.Build.0 = Release|Any CPU
		{25D692F7-78A7-45F8-B677-5555F6D9978E}.All|ARM64.ActiveCfg = Release|Any CPU
		{25D692F7-78A7-45F8-B677-5555F6D9978E}.All|ARM64.Build.0 = Release|Any CPU
		{25D692F7-78A7-45F8-B677-5555F6D9978E}.All|x64.ActiveCfg = Release|Any CPU
		{25D692F7-78A7-45F8-B677-5555F6D9978E}.All|x64.Build.0 = Release|Any CPU
		{25D692F7-78A7-45F8-B677-5555F6D9978E}.All|x86.ActiveCfg = Release|Any CPU
		{25D692F7-78A7-45F8-B677-5555F6D9978E}.All|x86.Build.0 = Release|Any CPU
		{25D692F7-78A7-45F8-B677-5555F6D9978E}.Debug|Any CPU.ActiveCfg = Debug|Any CPU
		{25D692F7-78A7-45F8-B677-5555F6D9978E}.Debug|Any CPU.Build.0 = Debug|Any CPU
		{25D692F7-78A7-45F8-B677-5555F6D9978E}.Debug|ARM.ActiveCfg = Debug|Any CPU
		{25D692F7-78A7-45F8-B677-5555F6D9978E}.Debug|ARM.Build.0 = Debug|Any CPU
		{25D692F7-78A7-45F8-B677-5555F6D9978E}.Debug|ARM64.ActiveCfg = Debug|Any CPU
		{25D692F7-78A7-45F8-B677-5555F6D9978E}.Debug|ARM64.Build.0 = Debug|Any CPU
		{25D692F7-78A7-45F8-B677-5555F6D9978E}.Debug|x64.ActiveCfg = Debug|Any CPU
		{25D692F7-78A7-45F8-B677-5555F6D9978E}.Debug|x64.Build.0 = Debug|Any CPU
		{25D692F7-78A7-45F8-B677-5555F6D9978E}.Debug|x86.ActiveCfg = Debug|Any CPU
		{25D692F7-78A7-45F8-B677-5555F6D9978E}.Debug|x86.Build.0 = Debug|Any CPU
		{25D692F7-78A7-45F8-B677-5555F6D9978E}.Release|Any CPU.ActiveCfg = Release|Any CPU
		{25D692F7-78A7-45F8-B677-5555F6D9978E}.Release|Any CPU.Build.0 = Release|Any CPU
		{25D692F7-78A7-45F8-B677-5555F6D9978E}.Release|ARM.ActiveCfg = Release|Any CPU
		{25D692F7-78A7-45F8-B677-5555F6D9978E}.Release|ARM.Build.0 = Release|Any CPU
		{25D692F7-78A7-45F8-B677-5555F6D9978E}.Release|ARM64.ActiveCfg = Release|Any CPU
		{25D692F7-78A7-45F8-B677-5555F6D9978E}.Release|ARM64.Build.0 = Release|Any CPU
		{25D692F7-78A7-45F8-B677-5555F6D9978E}.Release|x64.ActiveCfg = Release|Any CPU
		{25D692F7-78A7-45F8-B677-5555F6D9978E}.Release|x64.Build.0 = Release|Any CPU
		{25D692F7-78A7-45F8-B677-5555F6D9978E}.Release|x86.ActiveCfg = Release|Any CPU
		{25D692F7-78A7-45F8-B677-5555F6D9978E}.Release|x86.Build.0 = Release|Any CPU
		{DCDE401B-0AAA-4BF1-B8AE-6B1AE2BBA2C7}.All|Any CPU.ActiveCfg = Release|Any CPU
		{DCDE401B-0AAA-4BF1-B8AE-6B1AE2BBA2C7}.All|Any CPU.Build.0 = Release|Any CPU
		{DCDE401B-0AAA-4BF1-B8AE-6B1AE2BBA2C7}.All|ARM.ActiveCfg = Release|Any CPU
		{DCDE401B-0AAA-4BF1-B8AE-6B1AE2BBA2C7}.All|ARM.Build.0 = Release|Any CPU
		{DCDE401B-0AAA-4BF1-B8AE-6B1AE2BBA2C7}.All|ARM64.ActiveCfg = Release|Any CPU
		{DCDE401B-0AAA-4BF1-B8AE-6B1AE2BBA2C7}.All|ARM64.Build.0 = Release|Any CPU
		{DCDE401B-0AAA-4BF1-B8AE-6B1AE2BBA2C7}.All|x64.ActiveCfg = Release|Any CPU
		{DCDE401B-0AAA-4BF1-B8AE-6B1AE2BBA2C7}.All|x64.Build.0 = Release|Any CPU
		{DCDE401B-0AAA-4BF1-B8AE-6B1AE2BBA2C7}.All|x86.ActiveCfg = Release|Any CPU
		{DCDE401B-0AAA-4BF1-B8AE-6B1AE2BBA2C7}.All|x86.Build.0 = Release|Any CPU
		{DCDE401B-0AAA-4BF1-B8AE-6B1AE2BBA2C7}.Debug|Any CPU.ActiveCfg = Debug|Any CPU
		{DCDE401B-0AAA-4BF1-B8AE-6B1AE2BBA2C7}.Debug|Any CPU.Build.0 = Debug|Any CPU
		{DCDE401B-0AAA-4BF1-B8AE-6B1AE2BBA2C7}.Debug|ARM.ActiveCfg = Debug|Any CPU
		{DCDE401B-0AAA-4BF1-B8AE-6B1AE2BBA2C7}.Debug|ARM.Build.0 = Debug|Any CPU
		{DCDE401B-0AAA-4BF1-B8AE-6B1AE2BBA2C7}.Debug|ARM64.ActiveCfg = Debug|Any CPU
		{DCDE401B-0AAA-4BF1-B8AE-6B1AE2BBA2C7}.Debug|ARM64.Build.0 = Debug|Any CPU
		{DCDE401B-0AAA-4BF1-B8AE-6B1AE2BBA2C7}.Debug|x64.ActiveCfg = Debug|Any CPU
		{DCDE401B-0AAA-4BF1-B8AE-6B1AE2BBA2C7}.Debug|x64.Build.0 = Debug|Any CPU
		{DCDE401B-0AAA-4BF1-B8AE-6B1AE2BBA2C7}.Debug|x86.ActiveCfg = Debug|Any CPU
		{DCDE401B-0AAA-4BF1-B8AE-6B1AE2BBA2C7}.Debug|x86.Build.0 = Debug|Any CPU
		{DCDE401B-0AAA-4BF1-B8AE-6B1AE2BBA2C7}.Release|Any CPU.ActiveCfg = Release|Any CPU
		{DCDE401B-0AAA-4BF1-B8AE-6B1AE2BBA2C7}.Release|Any CPU.Build.0 = Release|Any CPU
		{DCDE401B-0AAA-4BF1-B8AE-6B1AE2BBA2C7}.Release|ARM.ActiveCfg = Release|Any CPU
		{DCDE401B-0AAA-4BF1-B8AE-6B1AE2BBA2C7}.Release|ARM.Build.0 = Release|Any CPU
		{DCDE401B-0AAA-4BF1-B8AE-6B1AE2BBA2C7}.Release|ARM64.ActiveCfg = Release|Any CPU
		{DCDE401B-0AAA-4BF1-B8AE-6B1AE2BBA2C7}.Release|ARM64.Build.0 = Release|Any CPU
		{DCDE401B-0AAA-4BF1-B8AE-6B1AE2BBA2C7}.Release|x64.ActiveCfg = Release|Any CPU
		{DCDE401B-0AAA-4BF1-B8AE-6B1AE2BBA2C7}.Release|x64.Build.0 = Release|Any CPU
		{DCDE401B-0AAA-4BF1-B8AE-6B1AE2BBA2C7}.Release|x86.ActiveCfg = Release|Any CPU
		{DCDE401B-0AAA-4BF1-B8AE-6B1AE2BBA2C7}.Release|x86.Build.0 = Release|Any CPU
		{0CFC8312-621D-4404-8F14-C6574D078B9C}.All|Any CPU.ActiveCfg = Release|Any CPU
		{0CFC8312-621D-4404-8F14-C6574D078B9C}.All|Any CPU.Build.0 = Release|Any CPU
		{0CFC8312-621D-4404-8F14-C6574D078B9C}.All|ARM.ActiveCfg = Release|Any CPU
		{0CFC8312-621D-4404-8F14-C6574D078B9C}.All|ARM.Build.0 = Release|Any CPU
		{0CFC8312-621D-4404-8F14-C6574D078B9C}.All|ARM64.ActiveCfg = Release|Any CPU
		{0CFC8312-621D-4404-8F14-C6574D078B9C}.All|ARM64.Build.0 = Release|Any CPU
		{0CFC8312-621D-4404-8F14-C6574D078B9C}.All|x64.ActiveCfg = Release|Any CPU
		{0CFC8312-621D-4404-8F14-C6574D078B9C}.All|x64.Build.0 = Release|Any CPU
		{0CFC8312-621D-4404-8F14-C6574D078B9C}.All|x86.ActiveCfg = Release|Any CPU
		{0CFC8312-621D-4404-8F14-C6574D078B9C}.All|x86.Build.0 = Release|Any CPU
		{0CFC8312-621D-4404-8F14-C6574D078B9C}.Debug|Any CPU.ActiveCfg = Debug|Any CPU
		{0CFC8312-621D-4404-8F14-C6574D078B9C}.Debug|Any CPU.Build.0 = Debug|Any CPU
		{0CFC8312-621D-4404-8F14-C6574D078B9C}.Debug|ARM.ActiveCfg = Debug|Any CPU
		{0CFC8312-621D-4404-8F14-C6574D078B9C}.Debug|ARM.Build.0 = Debug|Any CPU
		{0CFC8312-621D-4404-8F14-C6574D078B9C}.Debug|ARM64.ActiveCfg = Debug|Any CPU
		{0CFC8312-621D-4404-8F14-C6574D078B9C}.Debug|ARM64.Build.0 = Debug|Any CPU
		{0CFC8312-621D-4404-8F14-C6574D078B9C}.Debug|x64.ActiveCfg = Debug|Any CPU
		{0CFC8312-621D-4404-8F14-C6574D078B9C}.Debug|x64.Build.0 = Debug|Any CPU
		{0CFC8312-621D-4404-8F14-C6574D078B9C}.Debug|x86.ActiveCfg = Debug|Any CPU
		{0CFC8312-621D-4404-8F14-C6574D078B9C}.Debug|x86.Build.0 = Debug|Any CPU
		{0CFC8312-621D-4404-8F14-C6574D078B9C}.Release|Any CPU.ActiveCfg = Release|Any CPU
		{0CFC8312-621D-4404-8F14-C6574D078B9C}.Release|Any CPU.Build.0 = Release|Any CPU
		{0CFC8312-621D-4404-8F14-C6574D078B9C}.Release|ARM.ActiveCfg = Release|Any CPU
		{0CFC8312-621D-4404-8F14-C6574D078B9C}.Release|ARM.Build.0 = Release|Any CPU
		{0CFC8312-621D-4404-8F14-C6574D078B9C}.Release|ARM64.ActiveCfg = Release|Any CPU
		{0CFC8312-621D-4404-8F14-C6574D078B9C}.Release|ARM64.Build.0 = Release|Any CPU
		{0CFC8312-621D-4404-8F14-C6574D078B9C}.Release|x64.ActiveCfg = Release|Any CPU
		{0CFC8312-621D-4404-8F14-C6574D078B9C}.Release|x64.Build.0 = Release|Any CPU
		{0CFC8312-621D-4404-8F14-C6574D078B9C}.Release|x86.ActiveCfg = Release|Any CPU
		{0CFC8312-621D-4404-8F14-C6574D078B9C}.Release|x86.Build.0 = Release|Any CPU
		{36A63107-8169-404B-B03B-B2F32C207D98}.All|Any CPU.ActiveCfg = Release|Any CPU
		{36A63107-8169-404B-B03B-B2F32C207D98}.All|Any CPU.Build.0 = Release|Any CPU
		{36A63107-8169-404B-B03B-B2F32C207D98}.All|ARM.ActiveCfg = Release|Any CPU
		{36A63107-8169-404B-B03B-B2F32C207D98}.All|ARM.Build.0 = Release|Any CPU
		{36A63107-8169-404B-B03B-B2F32C207D98}.All|ARM64.ActiveCfg = Release|Any CPU
		{36A63107-8169-404B-B03B-B2F32C207D98}.All|ARM64.Build.0 = Release|Any CPU
		{36A63107-8169-404B-B03B-B2F32C207D98}.All|x64.ActiveCfg = Release|Any CPU
		{36A63107-8169-404B-B03B-B2F32C207D98}.All|x64.Build.0 = Release|Any CPU
		{36A63107-8169-404B-B03B-B2F32C207D98}.All|x86.ActiveCfg = Release|Any CPU
		{36A63107-8169-404B-B03B-B2F32C207D98}.All|x86.Build.0 = Release|Any CPU
		{36A63107-8169-404B-B03B-B2F32C207D98}.Debug|Any CPU.ActiveCfg = Debug|Any CPU
		{36A63107-8169-404B-B03B-B2F32C207D98}.Debug|Any CPU.Build.0 = Debug|Any CPU
		{36A63107-8169-404B-B03B-B2F32C207D98}.Debug|ARM.ActiveCfg = Debug|Any CPU
		{36A63107-8169-404B-B03B-B2F32C207D98}.Debug|ARM.Build.0 = Debug|Any CPU
		{36A63107-8169-404B-B03B-B2F32C207D98}.Debug|ARM64.ActiveCfg = Debug|Any CPU
		{36A63107-8169-404B-B03B-B2F32C207D98}.Debug|ARM64.Build.0 = Debug|Any CPU
		{36A63107-8169-404B-B03B-B2F32C207D98}.Debug|x64.ActiveCfg = Debug|Any CPU
		{36A63107-8169-404B-B03B-B2F32C207D98}.Debug|x64.Build.0 = Debug|Any CPU
		{36A63107-8169-404B-B03B-B2F32C207D98}.Debug|x86.ActiveCfg = Debug|Any CPU
		{36A63107-8169-404B-B03B-B2F32C207D98}.Debug|x86.Build.0 = Debug|Any CPU
		{36A63107-8169-404B-B03B-B2F32C207D98}.Release|Any CPU.ActiveCfg = Release|Any CPU
		{36A63107-8169-404B-B03B-B2F32C207D98}.Release|Any CPU.Build.0 = Release|Any CPU
		{36A63107-8169-404B-B03B-B2F32C207D98}.Release|ARM.ActiveCfg = Release|Any CPU
		{36A63107-8169-404B-B03B-B2F32C207D98}.Release|ARM.Build.0 = Release|Any CPU
		{36A63107-8169-404B-B03B-B2F32C207D98}.Release|ARM64.ActiveCfg = Release|Any CPU
		{36A63107-8169-404B-B03B-B2F32C207D98}.Release|ARM64.Build.0 = Release|Any CPU
		{36A63107-8169-404B-B03B-B2F32C207D98}.Release|x64.ActiveCfg = Release|Any CPU
		{36A63107-8169-404B-B03B-B2F32C207D98}.Release|x64.Build.0 = Release|Any CPU
		{36A63107-8169-404B-B03B-B2F32C207D98}.Release|x86.ActiveCfg = Release|Any CPU
		{36A63107-8169-404B-B03B-B2F32C207D98}.Release|x86.Build.0 = Release|Any CPU
		{8F31DFF5-5F24-48A1-BC67-B08C5AB1D264}.All|Any CPU.ActiveCfg = Release|Any CPU
		{8F31DFF5-5F24-48A1-BC67-B08C5AB1D264}.All|Any CPU.Build.0 = Release|Any CPU
		{8F31DFF5-5F24-48A1-BC67-B08C5AB1D264}.All|ARM.ActiveCfg = Release|Any CPU
		{8F31DFF5-5F24-48A1-BC67-B08C5AB1D264}.All|ARM.Build.0 = Release|Any CPU
		{8F31DFF5-5F24-48A1-BC67-B08C5AB1D264}.All|ARM64.ActiveCfg = Release|Any CPU
		{8F31DFF5-5F24-48A1-BC67-B08C5AB1D264}.All|ARM64.Build.0 = Release|Any CPU
		{8F31DFF5-5F24-48A1-BC67-B08C5AB1D264}.All|x64.ActiveCfg = Release|Any CPU
		{8F31DFF5-5F24-48A1-BC67-B08C5AB1D264}.All|x64.Build.0 = Release|Any CPU
		{8F31DFF5-5F24-48A1-BC67-B08C5AB1D264}.All|x86.ActiveCfg = Release|Any CPU
		{8F31DFF5-5F24-48A1-BC67-B08C5AB1D264}.All|x86.Build.0 = Release|Any CPU
		{8F31DFF5-5F24-48A1-BC67-B08C5AB1D264}.Debug|Any CPU.ActiveCfg = Debug|Any CPU
		{8F31DFF5-5F24-48A1-BC67-B08C5AB1D264}.Debug|Any CPU.Build.0 = Debug|Any CPU
		{8F31DFF5-5F24-48A1-BC67-B08C5AB1D264}.Debug|ARM.ActiveCfg = Debug|Any CPU
		{8F31DFF5-5F24-48A1-BC67-B08C5AB1D264}.Debug|ARM.Build.0 = Debug|Any CPU
		{8F31DFF5-5F24-48A1-BC67-B08C5AB1D264}.Debug|ARM64.ActiveCfg = Debug|Any CPU
		{8F31DFF5-5F24-48A1-BC67-B08C5AB1D264}.Debug|ARM64.Build.0 = Debug|Any CPU
		{8F31DFF5-5F24-48A1-BC67-B08C5AB1D264}.Debug|x64.ActiveCfg = Debug|Any CPU
		{8F31DFF5-5F24-48A1-BC67-B08C5AB1D264}.Debug|x64.Build.0 = Debug|Any CPU
		{8F31DFF5-5F24-48A1-BC67-B08C5AB1D264}.Debug|x86.ActiveCfg = Debug|Any CPU
		{8F31DFF5-5F24-48A1-BC67-B08C5AB1D264}.Debug|x86.Build.0 = Debug|Any CPU
		{8F31DFF5-5F24-48A1-BC67-B08C5AB1D264}.Release|Any CPU.ActiveCfg = Release|Any CPU
		{8F31DFF5-5F24-48A1-BC67-B08C5AB1D264}.Release|Any CPU.Build.0 = Release|Any CPU
		{8F31DFF5-5F24-48A1-BC67-B08C5AB1D264}.Release|ARM.ActiveCfg = Release|Any CPU
		{8F31DFF5-5F24-48A1-BC67-B08C5AB1D264}.Release|ARM.Build.0 = Release|Any CPU
		{8F31DFF5-5F24-48A1-BC67-B08C5AB1D264}.Release|ARM64.ActiveCfg = Release|Any CPU
		{8F31DFF5-5F24-48A1-BC67-B08C5AB1D264}.Release|ARM64.Build.0 = Release|Any CPU
		{8F31DFF5-5F24-48A1-BC67-B08C5AB1D264}.Release|x64.ActiveCfg = Release|Any CPU
		{8F31DFF5-5F24-48A1-BC67-B08C5AB1D264}.Release|x64.Build.0 = Release|Any CPU
		{8F31DFF5-5F24-48A1-BC67-B08C5AB1D264}.Release|x86.ActiveCfg = Release|Any CPU
		{8F31DFF5-5F24-48A1-BC67-B08C5AB1D264}.Release|x86.Build.0 = Release|Any CPU
		{93B7A0B8-2BD9-42B1-BD8B-A324E684FC8A}.All|Any CPU.ActiveCfg = Release|Any CPU
		{93B7A0B8-2BD9-42B1-BD8B-A324E684FC8A}.All|Any CPU.Build.0 = Release|Any CPU
		{93B7A0B8-2BD9-42B1-BD8B-A324E684FC8A}.All|ARM.ActiveCfg = Release|Any CPU
		{93B7A0B8-2BD9-42B1-BD8B-A324E684FC8A}.All|ARM.Build.0 = Release|Any CPU
		{93B7A0B8-2BD9-42B1-BD8B-A324E684FC8A}.All|ARM64.ActiveCfg = Release|Any CPU
		{93B7A0B8-2BD9-42B1-BD8B-A324E684FC8A}.All|ARM64.Build.0 = Release|Any CPU
		{93B7A0B8-2BD9-42B1-BD8B-A324E684FC8A}.All|x64.ActiveCfg = Release|Any CPU
		{93B7A0B8-2BD9-42B1-BD8B-A324E684FC8A}.All|x64.Build.0 = Release|Any CPU
		{93B7A0B8-2BD9-42B1-BD8B-A324E684FC8A}.All|x86.ActiveCfg = Release|Any CPU
		{93B7A0B8-2BD9-42B1-BD8B-A324E684FC8A}.All|x86.Build.0 = Release|Any CPU
		{93B7A0B8-2BD9-42B1-BD8B-A324E684FC8A}.Debug|Any CPU.ActiveCfg = Debug|Any CPU
		{93B7A0B8-2BD9-42B1-BD8B-A324E684FC8A}.Debug|Any CPU.Build.0 = Debug|Any CPU
		{93B7A0B8-2BD9-42B1-BD8B-A324E684FC8A}.Debug|ARM.ActiveCfg = Debug|Any CPU
		{93B7A0B8-2BD9-42B1-BD8B-A324E684FC8A}.Debug|ARM.Build.0 = Debug|Any CPU
		{93B7A0B8-2BD9-42B1-BD8B-A324E684FC8A}.Debug|ARM64.ActiveCfg = Debug|Any CPU
		{93B7A0B8-2BD9-42B1-BD8B-A324E684FC8A}.Debug|ARM64.Build.0 = Debug|Any CPU
		{93B7A0B8-2BD9-42B1-BD8B-A324E684FC8A}.Debug|x64.ActiveCfg = Debug|Any CPU
		{93B7A0B8-2BD9-42B1-BD8B-A324E684FC8A}.Debug|x64.Build.0 = Debug|Any CPU
		{93B7A0B8-2BD9-42B1-BD8B-A324E684FC8A}.Debug|x86.ActiveCfg = Debug|Any CPU
		{93B7A0B8-2BD9-42B1-BD8B-A324E684FC8A}.Debug|x86.Build.0 = Debug|Any CPU
		{93B7A0B8-2BD9-42B1-BD8B-A324E684FC8A}.Release|Any CPU.ActiveCfg = Release|Any CPU
		{93B7A0B8-2BD9-42B1-BD8B-A324E684FC8A}.Release|Any CPU.Build.0 = Release|Any CPU
		{93B7A0B8-2BD9-42B1-BD8B-A324E684FC8A}.Release|ARM.ActiveCfg = Release|Any CPU
		{93B7A0B8-2BD9-42B1-BD8B-A324E684FC8A}.Release|ARM.Build.0 = Release|Any CPU
		{93B7A0B8-2BD9-42B1-BD8B-A324E684FC8A}.Release|ARM64.ActiveCfg = Release|Any CPU
		{93B7A0B8-2BD9-42B1-BD8B-A324E684FC8A}.Release|ARM64.Build.0 = Release|Any CPU
		{93B7A0B8-2BD9-42B1-BD8B-A324E684FC8A}.Release|x64.ActiveCfg = Release|Any CPU
		{93B7A0B8-2BD9-42B1-BD8B-A324E684FC8A}.Release|x64.Build.0 = Release|Any CPU
		{93B7A0B8-2BD9-42B1-BD8B-A324E684FC8A}.Release|x86.ActiveCfg = Release|Any CPU
		{93B7A0B8-2BD9-42B1-BD8B-A324E684FC8A}.Release|x86.Build.0 = Release|Any CPU
		{BADC77B6-9573-4C7C-8216-9E0FF7B29487}.All|Any CPU.ActiveCfg = Release|Any CPU
		{BADC77B6-9573-4C7C-8216-9E0FF7B29487}.All|Any CPU.Build.0 = Release|Any CPU
		{BADC77B6-9573-4C7C-8216-9E0FF7B29487}.All|ARM.ActiveCfg = Release|Any CPU
		{BADC77B6-9573-4C7C-8216-9E0FF7B29487}.All|ARM.Build.0 = Release|Any CPU
		{BADC77B6-9573-4C7C-8216-9E0FF7B29487}.All|ARM64.ActiveCfg = Release|Any CPU
		{BADC77B6-9573-4C7C-8216-9E0FF7B29487}.All|ARM64.Build.0 = Release|Any CPU
		{BADC77B6-9573-4C7C-8216-9E0FF7B29487}.All|x64.ActiveCfg = Release|Any CPU
		{BADC77B6-9573-4C7C-8216-9E0FF7B29487}.All|x64.Build.0 = Release|Any CPU
		{BADC77B6-9573-4C7C-8216-9E0FF7B29487}.All|x86.ActiveCfg = Release|Any CPU
		{BADC77B6-9573-4C7C-8216-9E0FF7B29487}.All|x86.Build.0 = Release|Any CPU
		{BADC77B6-9573-4C7C-8216-9E0FF7B29487}.Debug|Any CPU.ActiveCfg = Debug|Any CPU
		{BADC77B6-9573-4C7C-8216-9E0FF7B29487}.Debug|Any CPU.Build.0 = Debug|Any CPU
		{BADC77B6-9573-4C7C-8216-9E0FF7B29487}.Debug|ARM.ActiveCfg = Debug|Any CPU
		{BADC77B6-9573-4C7C-8216-9E0FF7B29487}.Debug|ARM.Build.0 = Debug|Any CPU
		{BADC77B6-9573-4C7C-8216-9E0FF7B29487}.Debug|ARM64.ActiveCfg = Debug|Any CPU
		{BADC77B6-9573-4C7C-8216-9E0FF7B29487}.Debug|ARM64.Build.0 = Debug|Any CPU
		{BADC77B6-9573-4C7C-8216-9E0FF7B29487}.Debug|x64.ActiveCfg = Debug|Any CPU
		{BADC77B6-9573-4C7C-8216-9E0FF7B29487}.Debug|x64.Build.0 = Debug|Any CPU
		{BADC77B6-9573-4C7C-8216-9E0FF7B29487}.Debug|x86.ActiveCfg = Debug|Any CPU
		{BADC77B6-9573-4C7C-8216-9E0FF7B29487}.Debug|x86.Build.0 = Debug|Any CPU
		{BADC77B6-9573-4C7C-8216-9E0FF7B29487}.Release|Any CPU.ActiveCfg = Release|Any CPU
		{BADC77B6-9573-4C7C-8216-9E0FF7B29487}.Release|Any CPU.Build.0 = Release|Any CPU
		{BADC77B6-9573-4C7C-8216-9E0FF7B29487}.Release|ARM.ActiveCfg = Release|Any CPU
		{BADC77B6-9573-4C7C-8216-9E0FF7B29487}.Release|ARM.Build.0 = Release|Any CPU
		{BADC77B6-9573-4C7C-8216-9E0FF7B29487}.Release|ARM64.ActiveCfg = Release|Any CPU
		{BADC77B6-9573-4C7C-8216-9E0FF7B29487}.Release|ARM64.Build.0 = Release|Any CPU
		{BADC77B6-9573-4C7C-8216-9E0FF7B29487}.Release|x64.ActiveCfg = Release|Any CPU
		{BADC77B6-9573-4C7C-8216-9E0FF7B29487}.Release|x64.Build.0 = Release|Any CPU
		{BADC77B6-9573-4C7C-8216-9E0FF7B29487}.Release|x86.ActiveCfg = Release|Any CPU
		{BADC77B6-9573-4C7C-8216-9E0FF7B29487}.Release|x86.Build.0 = Release|Any CPU
		{292AD1C5-B639-4E28-83F2-478E2CC8027D}.All|Any CPU.ActiveCfg = Release|Any CPU
		{292AD1C5-B639-4E28-83F2-478E2CC8027D}.All|Any CPU.Build.0 = Release|Any CPU
		{292AD1C5-B639-4E28-83F2-478E2CC8027D}.All|ARM.ActiveCfg = Release|Any CPU
		{292AD1C5-B639-4E28-83F2-478E2CC8027D}.All|ARM.Build.0 = Release|Any CPU
		{292AD1C5-B639-4E28-83F2-478E2CC8027D}.All|ARM64.ActiveCfg = Release|Any CPU
		{292AD1C5-B639-4E28-83F2-478E2CC8027D}.All|ARM64.Build.0 = Release|Any CPU
		{292AD1C5-B639-4E28-83F2-478E2CC8027D}.All|x64.ActiveCfg = Release|Any CPU
		{292AD1C5-B639-4E28-83F2-478E2CC8027D}.All|x64.Build.0 = Release|Any CPU
		{292AD1C5-B639-4E28-83F2-478E2CC8027D}.All|x86.ActiveCfg = Release|Any CPU
		{292AD1C5-B639-4E28-83F2-478E2CC8027D}.All|x86.Build.0 = Release|Any CPU
		{292AD1C5-B639-4E28-83F2-478E2CC8027D}.Debug|Any CPU.ActiveCfg = Debug|Any CPU
		{292AD1C5-B639-4E28-83F2-478E2CC8027D}.Debug|Any CPU.Build.0 = Debug|Any CPU
		{292AD1C5-B639-4E28-83F2-478E2CC8027D}.Debug|ARM.ActiveCfg = Debug|Any CPU
		{292AD1C5-B639-4E28-83F2-478E2CC8027D}.Debug|ARM.Build.0 = Debug|Any CPU
		{292AD1C5-B639-4E28-83F2-478E2CC8027D}.Debug|ARM64.ActiveCfg = Debug|Any CPU
		{292AD1C5-B639-4E28-83F2-478E2CC8027D}.Debug|ARM64.Build.0 = Debug|Any CPU
		{292AD1C5-B639-4E28-83F2-478E2CC8027D}.Debug|x64.ActiveCfg = Debug|Any CPU
		{292AD1C5-B639-4E28-83F2-478E2CC8027D}.Debug|x64.Build.0 = Debug|Any CPU
		{292AD1C5-B639-4E28-83F2-478E2CC8027D}.Debug|x86.ActiveCfg = Debug|Any CPU
		{292AD1C5-B639-4E28-83F2-478E2CC8027D}.Debug|x86.Build.0 = Debug|Any CPU
		{292AD1C5-B639-4E28-83F2-478E2CC8027D}.Release|Any CPU.ActiveCfg = Release|Any CPU
		{292AD1C5-B639-4E28-83F2-478E2CC8027D}.Release|Any CPU.Build.0 = Release|Any CPU
		{292AD1C5-B639-4E28-83F2-478E2CC8027D}.Release|ARM.ActiveCfg = Release|Any CPU
		{292AD1C5-B639-4E28-83F2-478E2CC8027D}.Release|ARM.Build.0 = Release|Any CPU
		{292AD1C5-B639-4E28-83F2-478E2CC8027D}.Release|ARM64.ActiveCfg = Release|Any CPU
		{292AD1C5-B639-4E28-83F2-478E2CC8027D}.Release|ARM64.Build.0 = Release|Any CPU
		{292AD1C5-B639-4E28-83F2-478E2CC8027D}.Release|x64.ActiveCfg = Release|Any CPU
		{292AD1C5-B639-4E28-83F2-478E2CC8027D}.Release|x64.Build.0 = Release|Any CPU
		{292AD1C5-B639-4E28-83F2-478E2CC8027D}.Release|x86.ActiveCfg = Release|Any CPU
		{292AD1C5-B639-4E28-83F2-478E2CC8027D}.Release|x86.Build.0 = Release|Any CPU
		{6339F9BC-D93A-401C-8359-5E356AFD554D}.All|Any CPU.ActiveCfg = Release|Any CPU
		{6339F9BC-D93A-401C-8359-5E356AFD554D}.All|Any CPU.Build.0 = Release|Any CPU
		{6339F9BC-D93A-401C-8359-5E356AFD554D}.All|ARM.ActiveCfg = Release|Any CPU
		{6339F9BC-D93A-401C-8359-5E356AFD554D}.All|ARM.Build.0 = Release|Any CPU
		{6339F9BC-D93A-401C-8359-5E356AFD554D}.All|ARM64.ActiveCfg = Release|Any CPU
		{6339F9BC-D93A-401C-8359-5E356AFD554D}.All|ARM64.Build.0 = Release|Any CPU
		{6339F9BC-D93A-401C-8359-5E356AFD554D}.All|x64.ActiveCfg = Release|Any CPU
		{6339F9BC-D93A-401C-8359-5E356AFD554D}.All|x64.Build.0 = Release|Any CPU
		{6339F9BC-D93A-401C-8359-5E356AFD554D}.All|x86.ActiveCfg = Release|Any CPU
		{6339F9BC-D93A-401C-8359-5E356AFD554D}.All|x86.Build.0 = Release|Any CPU
		{6339F9BC-D93A-401C-8359-5E356AFD554D}.Debug|Any CPU.ActiveCfg = Debug|Any CPU
		{6339F9BC-D93A-401C-8359-5E356AFD554D}.Debug|Any CPU.Build.0 = Debug|Any CPU
		{6339F9BC-D93A-401C-8359-5E356AFD554D}.Debug|ARM.ActiveCfg = Debug|Any CPU
		{6339F9BC-D93A-401C-8359-5E356AFD554D}.Debug|ARM.Build.0 = Debug|Any CPU
		{6339F9BC-D93A-401C-8359-5E356AFD554D}.Debug|ARM64.ActiveCfg = Debug|Any CPU
		{6339F9BC-D93A-401C-8359-5E356AFD554D}.Debug|ARM64.Build.0 = Debug|Any CPU
		{6339F9BC-D93A-401C-8359-5E356AFD554D}.Debug|x64.ActiveCfg = Debug|Any CPU
		{6339F9BC-D93A-401C-8359-5E356AFD554D}.Debug|x64.Build.0 = Debug|Any CPU
		{6339F9BC-D93A-401C-8359-5E356AFD554D}.Debug|x86.ActiveCfg = Debug|Any CPU
		{6339F9BC-D93A-401C-8359-5E356AFD554D}.Debug|x86.Build.0 = Debug|Any CPU
		{6339F9BC-D93A-401C-8359-5E356AFD554D}.Release|Any CPU.ActiveCfg = Release|Any CPU
		{6339F9BC-D93A-401C-8359-5E356AFD554D}.Release|Any CPU.Build.0 = Release|Any CPU
		{6339F9BC-D93A-401C-8359-5E356AFD554D}.Release|ARM.ActiveCfg = Release|Any CPU
		{6339F9BC-D93A-401C-8359-5E356AFD554D}.Release|ARM.Build.0 = Release|Any CPU
		{6339F9BC-D93A-401C-8359-5E356AFD554D}.Release|ARM64.ActiveCfg = Release|Any CPU
		{6339F9BC-D93A-401C-8359-5E356AFD554D}.Release|ARM64.Build.0 = Release|Any CPU
		{6339F9BC-D93A-401C-8359-5E356AFD554D}.Release|x64.ActiveCfg = Release|Any CPU
		{6339F9BC-D93A-401C-8359-5E356AFD554D}.Release|x64.Build.0 = Release|Any CPU
		{6339F9BC-D93A-401C-8359-5E356AFD554D}.Release|x86.ActiveCfg = Release|Any CPU
		{6339F9BC-D93A-401C-8359-5E356AFD554D}.Release|x86.Build.0 = Release|Any CPU
		{2B875D65-6EDD-4666-8D24-225C7E0AADC5}.All|Any CPU.ActiveCfg = Release|Any CPU
		{2B875D65-6EDD-4666-8D24-225C7E0AADC5}.All|Any CPU.Build.0 = Release|Any CPU
		{2B875D65-6EDD-4666-8D24-225C7E0AADC5}.All|ARM.ActiveCfg = Release|Any CPU
		{2B875D65-6EDD-4666-8D24-225C7E0AADC5}.All|ARM.Build.0 = Release|Any CPU
		{2B875D65-6EDD-4666-8D24-225C7E0AADC5}.All|ARM64.ActiveCfg = Release|Any CPU
		{2B875D65-6EDD-4666-8D24-225C7E0AADC5}.All|ARM64.Build.0 = Release|Any CPU
		{2B875D65-6EDD-4666-8D24-225C7E0AADC5}.All|x64.ActiveCfg = Release|Any CPU
		{2B875D65-6EDD-4666-8D24-225C7E0AADC5}.All|x64.Build.0 = Release|Any CPU
		{2B875D65-6EDD-4666-8D24-225C7E0AADC5}.All|x86.ActiveCfg = Release|Any CPU
		{2B875D65-6EDD-4666-8D24-225C7E0AADC5}.All|x86.Build.0 = Release|Any CPU
		{2B875D65-6EDD-4666-8D24-225C7E0AADC5}.Debug|Any CPU.ActiveCfg = Debug|Any CPU
		{2B875D65-6EDD-4666-8D24-225C7E0AADC5}.Debug|Any CPU.Build.0 = Debug|Any CPU
		{2B875D65-6EDD-4666-8D24-225C7E0AADC5}.Debug|ARM.ActiveCfg = Debug|Any CPU
		{2B875D65-6EDD-4666-8D24-225C7E0AADC5}.Debug|ARM.Build.0 = Debug|Any CPU
		{2B875D65-6EDD-4666-8D24-225C7E0AADC5}.Debug|ARM64.ActiveCfg = Debug|Any CPU
		{2B875D65-6EDD-4666-8D24-225C7E0AADC5}.Debug|ARM64.Build.0 = Debug|Any CPU
		{2B875D65-6EDD-4666-8D24-225C7E0AADC5}.Debug|x64.ActiveCfg = Debug|Any CPU
		{2B875D65-6EDD-4666-8D24-225C7E0AADC5}.Debug|x64.Build.0 = Debug|Any CPU
		{2B875D65-6EDD-4666-8D24-225C7E0AADC5}.Debug|x86.ActiveCfg = Debug|Any CPU
		{2B875D65-6EDD-4666-8D24-225C7E0AADC5}.Debug|x86.Build.0 = Debug|Any CPU
		{2B875D65-6EDD-4666-8D24-225C7E0AADC5}.Release|Any CPU.ActiveCfg = Release|Any CPU
		{2B875D65-6EDD-4666-8D24-225C7E0AADC5}.Release|Any CPU.Build.0 = Release|Any CPU
		{2B875D65-6EDD-4666-8D24-225C7E0AADC5}.Release|ARM.ActiveCfg = Release|Any CPU
		{2B875D65-6EDD-4666-8D24-225C7E0AADC5}.Release|ARM.Build.0 = Release|Any CPU
		{2B875D65-6EDD-4666-8D24-225C7E0AADC5}.Release|ARM64.ActiveCfg = Release|Any CPU
		{2B875D65-6EDD-4666-8D24-225C7E0AADC5}.Release|ARM64.Build.0 = Release|Any CPU
		{2B875D65-6EDD-4666-8D24-225C7E0AADC5}.Release|x64.ActiveCfg = Release|Any CPU
		{2B875D65-6EDD-4666-8D24-225C7E0AADC5}.Release|x64.Build.0 = Release|Any CPU
		{2B875D65-6EDD-4666-8D24-225C7E0AADC5}.Release|x86.ActiveCfg = Release|Any CPU
		{2B875D65-6EDD-4666-8D24-225C7E0AADC5}.Release|x86.Build.0 = Release|Any CPU
		{D5C0DFC5-B50F-4DED-A694-8844A331F420}.All|Any CPU.ActiveCfg = Release|Any CPU
		{D5C0DFC5-B50F-4DED-A694-8844A331F420}.All|Any CPU.Build.0 = Release|Any CPU
		{D5C0DFC5-B50F-4DED-A694-8844A331F420}.All|ARM.ActiveCfg = Release|Any CPU
		{D5C0DFC5-B50F-4DED-A694-8844A331F420}.All|ARM.Build.0 = Release|Any CPU
		{D5C0DFC5-B50F-4DED-A694-8844A331F420}.All|ARM64.ActiveCfg = Release|Any CPU
		{D5C0DFC5-B50F-4DED-A694-8844A331F420}.All|ARM64.Build.0 = Release|Any CPU
		{D5C0DFC5-B50F-4DED-A694-8844A331F420}.All|x64.ActiveCfg = Release|Any CPU
		{D5C0DFC5-B50F-4DED-A694-8844A331F420}.All|x64.Build.0 = Release|Any CPU
		{D5C0DFC5-B50F-4DED-A694-8844A331F420}.All|x86.ActiveCfg = Release|Any CPU
		{D5C0DFC5-B50F-4DED-A694-8844A331F420}.All|x86.Build.0 = Release|Any CPU
		{D5C0DFC5-B50F-4DED-A694-8844A331F420}.Debug|Any CPU.ActiveCfg = Debug|Any CPU
		{D5C0DFC5-B50F-4DED-A694-8844A331F420}.Debug|Any CPU.Build.0 = Debug|Any CPU
		{D5C0DFC5-B50F-4DED-A694-8844A331F420}.Debug|ARM.ActiveCfg = Debug|Any CPU
		{D5C0DFC5-B50F-4DED-A694-8844A331F420}.Debug|ARM.Build.0 = Debug|Any CPU
		{D5C0DFC5-B50F-4DED-A694-8844A331F420}.Debug|ARM64.ActiveCfg = Debug|Any CPU
		{D5C0DFC5-B50F-4DED-A694-8844A331F420}.Debug|ARM64.Build.0 = Debug|Any CPU
		{D5C0DFC5-B50F-4DED-A694-8844A331F420}.Debug|x64.ActiveCfg = Debug|Any CPU
		{D5C0DFC5-B50F-4DED-A694-8844A331F420}.Debug|x64.Build.0 = Debug|Any CPU
		{D5C0DFC5-B50F-4DED-A694-8844A331F420}.Debug|x86.ActiveCfg = Debug|Any CPU
		{D5C0DFC5-B50F-4DED-A694-8844A331F420}.Debug|x86.Build.0 = Debug|Any CPU
		{D5C0DFC5-B50F-4DED-A694-8844A331F420}.Release|Any CPU.ActiveCfg = Release|Any CPU
		{D5C0DFC5-B50F-4DED-A694-8844A331F420}.Release|Any CPU.Build.0 = Release|Any CPU
		{D5C0DFC5-B50F-4DED-A694-8844A331F420}.Release|ARM.ActiveCfg = Release|Any CPU
		{D5C0DFC5-B50F-4DED-A694-8844A331F420}.Release|ARM.Build.0 = Release|Any CPU
		{D5C0DFC5-B50F-4DED-A694-8844A331F420}.Release|ARM64.ActiveCfg = Release|Any CPU
		{D5C0DFC5-B50F-4DED-A694-8844A331F420}.Release|ARM64.Build.0 = Release|Any CPU
		{D5C0DFC5-B50F-4DED-A694-8844A331F420}.Release|x64.ActiveCfg = Release|Any CPU
		{D5C0DFC5-B50F-4DED-A694-8844A331F420}.Release|x64.Build.0 = Release|Any CPU
		{D5C0DFC5-B50F-4DED-A694-8844A331F420}.Release|x86.ActiveCfg = Release|Any CPU
		{D5C0DFC5-B50F-4DED-A694-8844A331F420}.Release|x86.Build.0 = Release|Any CPU
		{A3610F36-92E1-4B1C-A937-B3021B161A9C}.All|Any CPU.ActiveCfg = Release|Any CPU
		{A3610F36-92E1-4B1C-A937-B3021B161A9C}.All|Any CPU.Build.0 = Release|Any CPU
		{A3610F36-92E1-4B1C-A937-B3021B161A9C}.All|ARM.ActiveCfg = Release|Any CPU
		{A3610F36-92E1-4B1C-A937-B3021B161A9C}.All|ARM.Build.0 = Release|Any CPU
		{A3610F36-92E1-4B1C-A937-B3021B161A9C}.All|ARM64.ActiveCfg = Release|Any CPU
		{A3610F36-92E1-4B1C-A937-B3021B161A9C}.All|ARM64.Build.0 = Release|Any CPU
		{A3610F36-92E1-4B1C-A937-B3021B161A9C}.All|x64.ActiveCfg = Release|Any CPU
		{A3610F36-92E1-4B1C-A937-B3021B161A9C}.All|x64.Build.0 = Release|Any CPU
		{A3610F36-92E1-4B1C-A937-B3021B161A9C}.All|x86.ActiveCfg = Release|Any CPU
		{A3610F36-92E1-4B1C-A937-B3021B161A9C}.All|x86.Build.0 = Release|Any CPU
		{A3610F36-92E1-4B1C-A937-B3021B161A9C}.Debug|Any CPU.ActiveCfg = Debug|Any CPU
		{A3610F36-92E1-4B1C-A937-B3021B161A9C}.Debug|Any CPU.Build.0 = Debug|Any CPU
		{A3610F36-92E1-4B1C-A937-B3021B161A9C}.Debug|ARM.ActiveCfg = Debug|Any CPU
		{A3610F36-92E1-4B1C-A937-B3021B161A9C}.Debug|ARM.Build.0 = Debug|Any CPU
		{A3610F36-92E1-4B1C-A937-B3021B161A9C}.Debug|ARM64.ActiveCfg = Debug|Any CPU
		{A3610F36-92E1-4B1C-A937-B3021B161A9C}.Debug|ARM64.Build.0 = Debug|Any CPU
		{A3610F36-92E1-4B1C-A937-B3021B161A9C}.Debug|x64.ActiveCfg = Debug|Any CPU
		{A3610F36-92E1-4B1C-A937-B3021B161A9C}.Debug|x64.Build.0 = Debug|Any CPU
		{A3610F36-92E1-4B1C-A937-B3021B161A9C}.Debug|x86.ActiveCfg = Debug|Any CPU
		{A3610F36-92E1-4B1C-A937-B3021B161A9C}.Debug|x86.Build.0 = Debug|Any CPU
		{A3610F36-92E1-4B1C-A937-B3021B161A9C}.Release|Any CPU.ActiveCfg = Release|Any CPU
		{A3610F36-92E1-4B1C-A937-B3021B161A9C}.Release|Any CPU.Build.0 = Release|Any CPU
		{A3610F36-92E1-4B1C-A937-B3021B161A9C}.Release|ARM.ActiveCfg = Release|Any CPU
		{A3610F36-92E1-4B1C-A937-B3021B161A9C}.Release|ARM.Build.0 = Release|Any CPU
		{A3610F36-92E1-4B1C-A937-B3021B161A9C}.Release|ARM64.ActiveCfg = Release|Any CPU
		{A3610F36-92E1-4B1C-A937-B3021B161A9C}.Release|ARM64.Build.0 = Release|Any CPU
		{A3610F36-92E1-4B1C-A937-B3021B161A9C}.Release|x64.ActiveCfg = Release|Any CPU
		{A3610F36-92E1-4B1C-A937-B3021B161A9C}.Release|x64.Build.0 = Release|Any CPU
		{A3610F36-92E1-4B1C-A937-B3021B161A9C}.Release|x86.ActiveCfg = Release|Any CPU
		{A3610F36-92E1-4B1C-A937-B3021B161A9C}.Release|x86.Build.0 = Release|Any CPU
		{E684DF9A-8096-4E10-AF8D-8D11BCA22397}.All|Any CPU.ActiveCfg = Release|Any CPU
		{E684DF9A-8096-4E10-AF8D-8D11BCA22397}.All|Any CPU.Build.0 = Release|Any CPU
		{E684DF9A-8096-4E10-AF8D-8D11BCA22397}.All|ARM.ActiveCfg = Release|Any CPU
		{E684DF9A-8096-4E10-AF8D-8D11BCA22397}.All|ARM.Build.0 = Release|Any CPU
		{E684DF9A-8096-4E10-AF8D-8D11BCA22397}.All|ARM64.ActiveCfg = Release|Any CPU
		{E684DF9A-8096-4E10-AF8D-8D11BCA22397}.All|ARM64.Build.0 = Release|Any CPU
		{E684DF9A-8096-4E10-AF8D-8D11BCA22397}.All|x64.ActiveCfg = Release|Any CPU
		{E684DF9A-8096-4E10-AF8D-8D11BCA22397}.All|x64.Build.0 = Release|Any CPU
		{E684DF9A-8096-4E10-AF8D-8D11BCA22397}.All|x86.ActiveCfg = Release|Any CPU
		{E684DF9A-8096-4E10-AF8D-8D11BCA22397}.All|x86.Build.0 = Release|Any CPU
		{E684DF9A-8096-4E10-AF8D-8D11BCA22397}.Debug|Any CPU.ActiveCfg = Debug|Any CPU
		{E684DF9A-8096-4E10-AF8D-8D11BCA22397}.Debug|Any CPU.Build.0 = Debug|Any CPU
		{E684DF9A-8096-4E10-AF8D-8D11BCA22397}.Debug|ARM.ActiveCfg = Debug|Any CPU
		{E684DF9A-8096-4E10-AF8D-8D11BCA22397}.Debug|ARM.Build.0 = Debug|Any CPU
		{E684DF9A-8096-4E10-AF8D-8D11BCA22397}.Debug|ARM64.ActiveCfg = Debug|Any CPU
		{E684DF9A-8096-4E10-AF8D-8D11BCA22397}.Debug|ARM64.Build.0 = Debug|Any CPU
		{E684DF9A-8096-4E10-AF8D-8D11BCA22397}.Debug|x64.ActiveCfg = Debug|Any CPU
		{E684DF9A-8096-4E10-AF8D-8D11BCA22397}.Debug|x64.Build.0 = Debug|Any CPU
		{E684DF9A-8096-4E10-AF8D-8D11BCA22397}.Debug|x86.ActiveCfg = Debug|Any CPU
		{E684DF9A-8096-4E10-AF8D-8D11BCA22397}.Debug|x86.Build.0 = Debug|Any CPU
		{E684DF9A-8096-4E10-AF8D-8D11BCA22397}.Release|Any CPU.ActiveCfg = Release|Any CPU
		{E684DF9A-8096-4E10-AF8D-8D11BCA22397}.Release|Any CPU.Build.0 = Release|Any CPU
		{E684DF9A-8096-4E10-AF8D-8D11BCA22397}.Release|ARM.ActiveCfg = Release|Any CPU
		{E684DF9A-8096-4E10-AF8D-8D11BCA22397}.Release|ARM.Build.0 = Release|Any CPU
		{E684DF9A-8096-4E10-AF8D-8D11BCA22397}.Release|ARM64.ActiveCfg = Release|Any CPU
		{E684DF9A-8096-4E10-AF8D-8D11BCA22397}.Release|ARM64.Build.0 = Release|Any CPU
		{E684DF9A-8096-4E10-AF8D-8D11BCA22397}.Release|x64.ActiveCfg = Release|Any CPU
		{E684DF9A-8096-4E10-AF8D-8D11BCA22397}.Release|x64.Build.0 = Release|Any CPU
		{E684DF9A-8096-4E10-AF8D-8D11BCA22397}.Release|x86.ActiveCfg = Release|Any CPU
		{E684DF9A-8096-4E10-AF8D-8D11BCA22397}.Release|x86.Build.0 = Release|Any CPU
		{FD879CD3-9D65-40DB-AD34-48C830E2BEF2}.All|Any CPU.ActiveCfg = Debug|x64
		{FD879CD3-9D65-40DB-AD34-48C830E2BEF2}.All|Any CPU.Build.0 = Debug|x64
		{FD879CD3-9D65-40DB-AD34-48C830E2BEF2}.All|Any CPU.Deploy.0 = Debug|x64
		{FD879CD3-9D65-40DB-AD34-48C830E2BEF2}.All|ARM.ActiveCfg = Debug|x64
		{FD879CD3-9D65-40DB-AD34-48C830E2BEF2}.All|ARM.Build.0 = Debug|x64
		{FD879CD3-9D65-40DB-AD34-48C830E2BEF2}.All|ARM.Deploy.0 = Debug|x64
		{FD879CD3-9D65-40DB-AD34-48C830E2BEF2}.All|ARM64.ActiveCfg = Debug|ARM64
		{FD879CD3-9D65-40DB-AD34-48C830E2BEF2}.All|ARM64.Build.0 = Debug|ARM64
		{FD879CD3-9D65-40DB-AD34-48C830E2BEF2}.All|ARM64.Deploy.0 = Debug|ARM64
		{FD879CD3-9D65-40DB-AD34-48C830E2BEF2}.All|x64.ActiveCfg = Debug|x64
		{FD879CD3-9D65-40DB-AD34-48C830E2BEF2}.All|x64.Build.0 = Debug|x64
		{FD879CD3-9D65-40DB-AD34-48C830E2BEF2}.All|x64.Deploy.0 = Debug|x64
		{FD879CD3-9D65-40DB-AD34-48C830E2BEF2}.All|x86.ActiveCfg = Debug|x86
		{FD879CD3-9D65-40DB-AD34-48C830E2BEF2}.All|x86.Build.0 = Debug|x86
		{FD879CD3-9D65-40DB-AD34-48C830E2BEF2}.All|x86.Deploy.0 = Debug|x86
		{FD879CD3-9D65-40DB-AD34-48C830E2BEF2}.Debug|Any CPU.ActiveCfg = Debug|x64
		{FD879CD3-9D65-40DB-AD34-48C830E2BEF2}.Debug|Any CPU.Build.0 = Debug|x64
		{FD879CD3-9D65-40DB-AD34-48C830E2BEF2}.Debug|Any CPU.Deploy.0 = Debug|x64
		{FD879CD3-9D65-40DB-AD34-48C830E2BEF2}.Debug|ARM.ActiveCfg = Debug|x64
		{FD879CD3-9D65-40DB-AD34-48C830E2BEF2}.Debug|ARM.Build.0 = Debug|x64
		{FD879CD3-9D65-40DB-AD34-48C830E2BEF2}.Debug|ARM.Deploy.0 = Debug|x64
		{FD879CD3-9D65-40DB-AD34-48C830E2BEF2}.Debug|ARM64.ActiveCfg = Debug|ARM64
		{FD879CD3-9D65-40DB-AD34-48C830E2BEF2}.Debug|ARM64.Build.0 = Debug|ARM64
		{FD879CD3-9D65-40DB-AD34-48C830E2BEF2}.Debug|ARM64.Deploy.0 = Debug|ARM64
		{FD879CD3-9D65-40DB-AD34-48C830E2BEF2}.Debug|x64.ActiveCfg = Debug|x64
		{FD879CD3-9D65-40DB-AD34-48C830E2BEF2}.Debug|x64.Build.0 = Debug|x64
		{FD879CD3-9D65-40DB-AD34-48C830E2BEF2}.Debug|x64.Deploy.0 = Debug|x64
		{FD879CD3-9D65-40DB-AD34-48C830E2BEF2}.Debug|x86.ActiveCfg = Debug|x86
		{FD879CD3-9D65-40DB-AD34-48C830E2BEF2}.Debug|x86.Build.0 = Debug|x86
		{FD879CD3-9D65-40DB-AD34-48C830E2BEF2}.Debug|x86.Deploy.0 = Debug|x86
		{FD879CD3-9D65-40DB-AD34-48C830E2BEF2}.Release|Any CPU.ActiveCfg = Release|x64
		{FD879CD3-9D65-40DB-AD34-48C830E2BEF2}.Release|Any CPU.Build.0 = Release|x64
		{FD879CD3-9D65-40DB-AD34-48C830E2BEF2}.Release|Any CPU.Deploy.0 = Release|x64
		{FD879CD3-9D65-40DB-AD34-48C830E2BEF2}.Release|ARM.ActiveCfg = Release|x64
		{FD879CD3-9D65-40DB-AD34-48C830E2BEF2}.Release|ARM.Build.0 = Release|x64
		{FD879CD3-9D65-40DB-AD34-48C830E2BEF2}.Release|ARM.Deploy.0 = Release|x64
		{FD879CD3-9D65-40DB-AD34-48C830E2BEF2}.Release|ARM64.ActiveCfg = Release|ARM64
		{FD879CD3-9D65-40DB-AD34-48C830E2BEF2}.Release|ARM64.Build.0 = Release|ARM64
		{FD879CD3-9D65-40DB-AD34-48C830E2BEF2}.Release|ARM64.Deploy.0 = Release|ARM64
		{FD879CD3-9D65-40DB-AD34-48C830E2BEF2}.Release|x64.ActiveCfg = Release|x64
		{FD879CD3-9D65-40DB-AD34-48C830E2BEF2}.Release|x64.Build.0 = Release|x64
		{FD879CD3-9D65-40DB-AD34-48C830E2BEF2}.Release|x64.Deploy.0 = Release|x64
		{FD879CD3-9D65-40DB-AD34-48C830E2BEF2}.Release|x86.ActiveCfg = Release|x86
		{FD879CD3-9D65-40DB-AD34-48C830E2BEF2}.Release|x86.Build.0 = Release|x86
		{FD879CD3-9D65-40DB-AD34-48C830E2BEF2}.Release|x86.Deploy.0 = Release|x86
		{BFA56131-6BBE-46AE-87A6-E9CB3CA19B31}.All|Any CPU.ActiveCfg = Debug|Any CPU
		{BFA56131-6BBE-46AE-87A6-E9CB3CA19B31}.All|Any CPU.Build.0 = Debug|Any CPU
		{BFA56131-6BBE-46AE-87A6-E9CB3CA19B31}.All|ARM.ActiveCfg = Debug|Any CPU
		{BFA56131-6BBE-46AE-87A6-E9CB3CA19B31}.All|ARM.Build.0 = Debug|Any CPU
		{BFA56131-6BBE-46AE-87A6-E9CB3CA19B31}.All|ARM64.ActiveCfg = Debug|Any CPU
		{BFA56131-6BBE-46AE-87A6-E9CB3CA19B31}.All|ARM64.Build.0 = Debug|Any CPU
		{BFA56131-6BBE-46AE-87A6-E9CB3CA19B31}.All|x64.ActiveCfg = Debug|Any CPU
		{BFA56131-6BBE-46AE-87A6-E9CB3CA19B31}.All|x64.Build.0 = Debug|Any CPU
		{BFA56131-6BBE-46AE-87A6-E9CB3CA19B31}.All|x86.ActiveCfg = Debug|Any CPU
		{BFA56131-6BBE-46AE-87A6-E9CB3CA19B31}.All|x86.Build.0 = Debug|Any CPU
		{BFA56131-6BBE-46AE-87A6-E9CB3CA19B31}.Debug|Any CPU.ActiveCfg = Debug|Any CPU
		{BFA56131-6BBE-46AE-87A6-E9CB3CA19B31}.Debug|Any CPU.Build.0 = Debug|Any CPU
		{BFA56131-6BBE-46AE-87A6-E9CB3CA19B31}.Debug|ARM.ActiveCfg = Debug|Any CPU
		{BFA56131-6BBE-46AE-87A6-E9CB3CA19B31}.Debug|ARM.Build.0 = Debug|Any CPU
		{BFA56131-6BBE-46AE-87A6-E9CB3CA19B31}.Debug|ARM64.ActiveCfg = Debug|Any CPU
		{BFA56131-6BBE-46AE-87A6-E9CB3CA19B31}.Debug|ARM64.Build.0 = Debug|Any CPU
		{BFA56131-6BBE-46AE-87A6-E9CB3CA19B31}.Debug|x64.ActiveCfg = Debug|Any CPU
		{BFA56131-6BBE-46AE-87A6-E9CB3CA19B31}.Debug|x64.Build.0 = Debug|Any CPU
		{BFA56131-6BBE-46AE-87A6-E9CB3CA19B31}.Debug|x86.ActiveCfg = Debug|Any CPU
		{BFA56131-6BBE-46AE-87A6-E9CB3CA19B31}.Debug|x86.Build.0 = Debug|Any CPU
		{BFA56131-6BBE-46AE-87A6-E9CB3CA19B31}.Release|Any CPU.ActiveCfg = Release|Any CPU
		{BFA56131-6BBE-46AE-87A6-E9CB3CA19B31}.Release|Any CPU.Build.0 = Release|Any CPU
		{BFA56131-6BBE-46AE-87A6-E9CB3CA19B31}.Release|ARM.ActiveCfg = Release|Any CPU
		{BFA56131-6BBE-46AE-87A6-E9CB3CA19B31}.Release|ARM.Build.0 = Release|Any CPU
		{BFA56131-6BBE-46AE-87A6-E9CB3CA19B31}.Release|ARM64.ActiveCfg = Release|Any CPU
		{BFA56131-6BBE-46AE-87A6-E9CB3CA19B31}.Release|ARM64.Build.0 = Release|Any CPU
		{BFA56131-6BBE-46AE-87A6-E9CB3CA19B31}.Release|x64.ActiveCfg = Release|Any CPU
		{BFA56131-6BBE-46AE-87A6-E9CB3CA19B31}.Release|x64.Build.0 = Release|Any CPU
		{BFA56131-6BBE-46AE-87A6-E9CB3CA19B31}.Release|x86.ActiveCfg = Release|Any CPU
		{BFA56131-6BBE-46AE-87A6-E9CB3CA19B31}.Release|x86.Build.0 = Release|Any CPU
	EndGlobalSection
	GlobalSection(SolutionProperties) = preSolution
		HideSolutionNode = FALSE
	EndGlobalSection
	GlobalSection(NestedProjects) = preSolution
		{F4B688B9-6865-4099-B965-78695CEA2C65} = {6FCFBE2F-C10E-4DFC-A926-15D080467E9E}
		{25D692F7-78A7-45F8-B677-5555F6D9978E} = {596B5588-411B-4527-ADBF-ECCB232AC77C}
		{DCDE401B-0AAA-4BF1-B8AE-6B1AE2BBA2C7} = {6FCFBE2F-C10E-4DFC-A926-15D080467E9E}
		{0CFC8312-621D-4404-8F14-C6574D078B9C} = {6FCFBE2F-C10E-4DFC-A926-15D080467E9E}
		{36A63107-8169-404B-B03B-B2F32C207D98} = {6FCFBE2F-C10E-4DFC-A926-15D080467E9E}
		{8F31DFF5-5F24-48A1-BC67-B08C5AB1D264} = {596B5588-411B-4527-ADBF-ECCB232AC77C}
		{93B7A0B8-2BD9-42B1-BD8B-A324E684FC8A} = {6FCFBE2F-C10E-4DFC-A926-15D080467E9E}
		{BADC77B6-9573-4C7C-8216-9E0FF7B29487} = {6FCFBE2F-C10E-4DFC-A926-15D080467E9E}
		{6339F9BC-D93A-401C-8359-5E356AFD554D} = {596B5588-411B-4527-ADBF-ECCB232AC77C}
		{2B875D65-6EDD-4666-8D24-225C7E0AADC5} = {6FCFBE2F-C10E-4DFC-A926-15D080467E9E}
		{D5C0DFC5-B50F-4DED-A694-8844A331F420} = {596B5588-411B-4527-ADBF-ECCB232AC77C}
		{A3610F36-92E1-4B1C-A937-B3021B161A9C} = {6FCFBE2F-C10E-4DFC-A926-15D080467E9E}
		{E684DF9A-8096-4E10-AF8D-8D11BCA22397} = {596B5588-411B-4527-ADBF-ECCB232AC77C}
		{40A22A1B-D1A7-4F6C-BC08-E2E279C32742} = {6FCFBE2F-C10E-4DFC-A926-15D080467E9E}
	EndGlobalSection
	GlobalSection(ExtensibilityGlobals) = postSolution
		SolutionGuid = {27DF5430-6C9D-4B7A-B29E-FF43EC521403}
	EndGlobalSection
EndGlobal
